
Microsoft Visual Studio Solution File, Format Version 10.00
# Visual Studio 2008
Project("{FAE04EC0-301F-11D3-BF4B-00C04F79EFBC}") = "NUnitStuff", "src\NUnitStuff\NUnitStuff.csproj", "{62245073-1F85-4107-8F2B-961984DF871F}"
EndProject
Project("{FAE04EC0-301F-11D3-BF4B-00C04F79EFBC}") = "CodeSharp", "src\CodeSharp\CodeSharp.csproj", "{F2197ACC-22EF-409B-A1E7-DBE29E06A1B9}"
EndProject
Project("{FAE04EC0-301F-11D3-BF4B-00C04F79EFBC}") = "NUnitStuff.Tests", "test\NUnitStuff.Tests\NUnitStuff.Tests.csproj", "{0DCDA093-16DA-4BB4-91E5-2A0E2650792F}"
EndProject
Project("{FAE04EC0-301F-11D3-BF4B-00C04F79EFBC}") = "CodeSharp.Tests", "test\CodeSharp.Tests\CodeSharp.Tests.csproj", "{D1669B3B-24BA-4DB2-8B92-9F48A946EA60}"
EndProject
Project("{FAE04EC0-301F-11D3-BF4B-00C04F79EFBC}") = "CodeSharp.IL", "test\CodeSharp.IL\CodeSharp.IL.csproj", "{83B409F6-9FA2-4EEB-A2A2-16C5B0BD3236}"
EndProject
Project("{FAE04EC0-301F-11D3-BF4B-00C04F79EFBC}") = "Common.Collection", "src\Common.Collection\Common.Collection.csproj", "{6C5CDE9C-BC96-4EEC-95EA-E08DBF4E0C87}"
EndProject
Project("{FAE04EC0-301F-11D3-BF4B-00C04F79EFBC}") = "System.Extension", "src\System.Extension\System.Extension.csproj", "{6D5D932C-4B00-44E2-8080-F097A3E1C5C3}"
EndProject
Project("{FAE04EC0-301F-11D3-BF4B-00C04F79EFBC}") = "Common.Collection.Tests", "test\Common.Collection.Tests\Common.Collection.Tests.csproj", "{38708D20-E53B-4D75-A7F2-AF50D8761722}"
EndProject
Global
	GlobalSection(SubversionScc) = preSolution
		Svn-Managed = True
		Manager = AnkhSVN - Subversion Support for Visual Studio
	EndGlobalSection
	GlobalSection(SolutionConfigurationPlatforms) = preSolution
		Debug|Any CPU = Debug|Any CPU
		Release|Any CPU = Release|Any CPU
	EndGlobalSection
	GlobalSection(ProjectConfigurationPlatforms) = postSolution
		{62245073-1F85-4107-8F2B-961984DF871F}.Debug|Any CPU.ActiveCfg = Debug|Any CPU
		{62245073-1F85-4107-8F2B-961984DF871F}.Debug|Any CPU.Build.0 = Debug|Any CPU
		{62245073-1F85-4107-8F2B-961984DF871F}.Release|Any CPU.ActiveCfg = Release|Any CPU
		{62245073-1F85-4107-8F2B-961984DF871F}.Release|Any CPU.Build.0 = Release|Any CPU
		{F2197ACC-22EF-409B-A1E7-DBE29E06A1B9}.Debug|Any CPU.ActiveCfg = Debug|Any CPU
		{F2197ACC-22EF-409B-A1E7-DBE29E06A1B9}.Debug|Any CPU.Build.0 = Debug|Any CPU
		{F2197ACC-22EF-409B-A1E7-DBE29E06A1B9}.Release|Any CPU.ActiveCfg = Release|Any CPU
		{F2197ACC-22EF-409B-A1E7-DBE29E06A1B9}.Release|Any CPU.Build.0 = Release|Any CPU
		{0DCDA093-16DA-4BB4-91E5-2A0E2650792F}.Debug|Any CPU.ActiveCfg = Debug|Any CPU
		{0DCDA093-16DA-4BB4-91E5-2A0E2650792F}.Debug|Any CPU.Build.0 = Debug|Any CPU
		{0DCDA093-16DA-4BB4-91E5-2A0E2650792F}.Release|Any CPU.ActiveCfg = Release|Any CPU
		{0DCDA093-16DA-4BB4-91E5-2A0E2650792F}.Release|Any CPU.Build.0 = Release|Any CPU
		{D1669B3B-24BA-4DB2-8B92-9F48A946EA60}.Debug|Any CPU.ActiveCfg = Debug|Any CPU
		{D1669B3B-24BA-4DB2-8B92-9F48A946EA60}.Debug|Any CPU.Build.0 = Debug|Any CPU
		{D1669B3B-24BA-4DB2-8B92-9F48A946EA60}.Release|Any CPU.ActiveCfg = Release|Any CPU
		{D1669B3B-24BA-4DB2-8B92-9F48A946EA60}.Release|Any CPU.Build.0 = Release|Any CPU
		{83B409F6-9FA2-4EEB-A2A2-16C5B0BD3236}.Debug|Any CPU.ActiveCfg = Debug|Any CPU
		{83B409F6-9FA2-4EEB-A2A2-16C5B0BD3236}.Debug|Any CPU.Build.0 = Debug|Any CPU
		{83B409F6-9FA2-4EEB-A2A2-16C5B0BD3236}.Release|Any CPU.ActiveCfg = Release|Any CPU
		{83B409F6-9FA2-4EEB-A2A2-16C5B0BD3236}.Release|Any CPU.Build.0 = Release|Any CPU
		{6C5CDE9C-BC96-4EEC-95EA-E08DBF4E0C87}.Debug|Any CPU.ActiveCfg = Debug|Any CPU
		{6C5CDE9C-BC96-4EEC-95EA-E08DBF4E0C87}.Debug|Any CPU.Build.0 = Debug|Any CPU
		{6C5CDE9C-BC96-4EEC-95EA-E08DBF4E0C87}.Release|Any CPU.ActiveCfg = Release|Any CPU
		{6C5CDE9C-BC96-4EEC-95EA-E08DBF4E0C87}.Release|Any CPU.Build.0 = Release|Any CPU
		{6D5D932C-4B00-44E2-8080-F097A3E1C5C3}.Debug|Any CPU.ActiveCfg = Debug|Any CPU
		{6D5D932C-4B00-44E2-8080-F097A3E1C5C3}.Debug|Any CPU.Build.0 = Debug|Any CPU
		{6D5D932C-4B00-44E2-8080-F097A3E1C5C3}.Release|Any CPU.ActiveCfg = Release|Any CPU
		{6D5D932C-4B00-44E2-8080-F097A3E1C5C3}.Release|Any CPU.Build.0 = Release|Any CPU
		{38708D20-E53B-4D75-A7F2-AF50D8761722}.Debug|Any CPU.ActiveCfg = Debug|Any CPU
		{38708D20-E53B-4D75-A7F2-AF50D8761722}.Debug|Any CPU.Build.0 = Debug|Any CPU
		{38708D20-E53B-4D75-A7F2-AF50D8761722}.Release|Any CPU.ActiveCfg = Release|Any CPU
		{38708D20-E53B-4D75-A7F2-AF50D8761722}.Release|Any CPU.Build.0 = Release|Any CPU
	EndGlobalSection
	GlobalSection(SolutionProperties) = preSolution
		HideSolutionNode = FALSE
	EndGlobalSection
EndGlobal
