
Microsoft Visual Studio Solution File, Format Version 10.00
# Visual Studio 2008
Project("{FAE04EC0-301F-11D3-BF4B-00C04F79EFBC}") = "InterlockVsMonitor", "InterlockVsMonitor\InterlockVsMonitor.csproj", "{943182C6-A7F3-4E3C-B157-023DD34E96B6}"
EndProject
Global
	GlobalSection(SubversionScc) = preSolution
		Svn-Managed = True
		Manager = AnkhSVN - Subversion Support for Visual Studio
	EndGlobalSection
	GlobalSection(SolutionConfigurationPlatforms) = preSolution
		Debug|Any CPU = Debug|Any CPU
		Release|Any CPU = Release|Any CPU
	EndGlobalSection
	GlobalSection(ProjectConfigurationPlatforms) = postSolution
		{943182C6-A7F3-4E3C-B157-023DD34E96B6}.Debug|Any CPU.ActiveCfg = Debug|Any CPU
		{943182C6-A7F3-4E3C-B157-023DD34E96B6}.Debug|Any CPU.Build.0 = Debug|Any CPU
		{943182C6-A7F3-4E3C-B157-023DD34E96B6}.Release|Any CPU.ActiveCfg = Release|Any CPU
		{943182C6-A7F3-4E3C-B157-023DD34E96B6}.Release|Any CPU.Build.0 = Release|Any CPU
	EndGlobalSection
	GlobalSection(SolutionProperties) = preSolution
		HideSolutionNode = FALSE
	EndGlobalSection
EndGlobal
